
Microsoft Visual Studio Solution File, Format Version 12.00
# Visual Studio Version 17
VisualStudioVersion = 17.1.32421.90
MinimumVisualStudioVersion = 10.0.40219.1
Project("{9A19103F-16F7-4668-BE54-9A1E7A4F7556}") = "Smurfs.Core", "Smurfs.Core\Smurfs.Core.csproj", "{E5D659BD-89CE-4CA7-9534-2F53D57A71D3}"
EndProject
Project("{9A19103F-16F7-4668-BE54-9A1E7A4F7556}") = "Smurfs.Entity", "Smurfs.Entity\Smurfs.Entity.csproj", "{579121D6-5ADD-40DE-884F-8B404DB064C1}"
EndProject
Project("{9A19103F-16F7-4668-BE54-9A1E7A4F7556}") = "Smurfs.DataAccess", "Smurfs.DataAccess\Smurfs.DataAccess.csproj", "{2AE4262A-08FF-44B4-A7C7-328D679C6CC6}"
EndProject
Project("{9A19103F-16F7-4668-BE54-9A1E7A4F7556}") = "Smurfs.Business", "Smurfs.Business\Smurfs.Business.csproj", "{0C3AB7CC-3471-4DD7-B346-10185C099E52}"
EndProject
Project("{9A19103F-16F7-4668-BE54-9A1E7A4F7556}") = "Smurfs.API", "Smurfs.API\Smurfs.API.csproj", "{F56D8D33-40C1-447A-9632-62E080E206C1}"
EndProject
Project("{FAE04EC0-301F-11D3-BF4B-00C04F79EFBC}") = "Smurfs.WebUI", "Smurfs.WebUI\Smurfs.WebUI.csproj", "{1B71F594-EA30-4212-B3AE-91A2C4197E2B}"
EndProject
Global
	GlobalSection(SolutionConfigurationPlatforms) = preSolution
		Debug|Any CPU = Debug|Any CPU
		Release|Any CPU = Release|Any CPU
	EndGlobalSection
	GlobalSection(ProjectConfigurationPlatforms) = postSolution
		{E5D659BD-89CE-4CA7-9534-2F53D57A71D3}.Debug|Any CPU.ActiveCfg = Debug|Any CPU
		{E5D659BD-89CE-4CA7-9534-2F53D57A71D3}.Debug|Any CPU.Build.0 = Debug|Any CPU
		{E5D659BD-89CE-4CA7-9534-2F53D57A71D3}.Release|Any CPU.ActiveCfg = Release|Any CPU
		{E5D659BD-89CE-4CA7-9534-2F53D57A71D3}.Release|Any CPU.Build.0 = Release|Any CPU
		{579121D6-5ADD-40DE-884F-8B404DB064C1}.Debug|Any CPU.ActiveCfg = Debug|Any CPU
		{579121D6-5ADD-40DE-884F-8B404DB064C1}.Debug|Any CPU.Build.0 = Debug|Any CPU
		{579121D6-5ADD-40DE-884F-8B404DB064C1}.Release|Any CPU.ActiveCfg = Release|Any CPU
		{579121D6-5ADD-40DE-884F-8B404DB064C1}.Release|Any CPU.Build.0 = Release|Any CPU
		{2AE4262A-08FF-44B4-A7C7-328D679C6CC6}.Debug|Any CPU.ActiveCfg = Debug|Any CPU
		{2AE4262A-08FF-44B4-A7C7-328D679C6CC6}.Debug|Any CPU.Build.0 = Debug|Any CPU
		{2AE4262A-08FF-44B4-A7C7-328D679C6CC6}.Release|Any CPU.ActiveCfg = Release|Any CPU
		{2AE4262A-08FF-44B4-A7C7-328D679C6CC6}.Release|Any CPU.Build.0 = Release|Any CPU
		{0C3AB7CC-3471-4DD7-B346-10185C099E52}.Debug|Any CPU.ActiveCfg = Debug|Any CPU
		{0C3AB7CC-3471-4DD7-B346-10185C099E52}.Debug|Any CPU.Build.0 = Debug|Any CPU
		{0C3AB7CC-3471-4DD7-B346-10185C099E52}.Release|Any CPU.ActiveCfg = Release|Any CPU
		{0C3AB7CC-3471-4DD7-B346-10185C099E52}.Release|Any CPU.Build.0 = Release|Any CPU
		{F56D8D33-40C1-447A-9632-62E080E206C1}.Debug|Any CPU.ActiveCfg = Debug|Any CPU
		{F56D8D33-40C1-447A-9632-62E080E206C1}.Debug|Any CPU.Build.0 = Debug|Any CPU
		{F56D8D33-40C1-447A-9632-62E080E206C1}.Release|Any CPU.ActiveCfg = Release|Any CPU
		{F56D8D33-40C1-447A-9632-62E080E206C1}.Release|Any CPU.Build.0 = Release|Any CPU
		{1B71F594-EA30-4212-B3AE-91A2C4197E2B}.Debug|Any CPU.ActiveCfg = Debug|Any CPU
		{1B71F594-EA30-4212-B3AE-91A2C4197E2B}.Debug|Any CPU.Build.0 = Debug|Any CPU
		{1B71F594-EA30-4212-B3AE-91A2C4197E2B}.Release|Any CPU.ActiveCfg = Release|Any CPU
		{1B71F594-EA30-4212-B3AE-91A2C4197E2B}.Release|Any CPU.Build.0 = Release|Any CPU
	EndGlobalSection
	GlobalSection(SolutionProperties) = preSolution
		HideSolutionNode = FALSE
	EndGlobalSection
	GlobalSection(ExtensibilityGlobals) = postSolution
		SolutionGuid = {EE34D526-255D-42D0-AFA7-1CC74A70637C}
	EndGlobalSection
EndGlobal
